// !$*UTF8*$!
{
	archiveVersion = 1;
	classes = {
	};
	objectVersion = 46;
	objects = {

/* Begin PBXBuildFile section */
		631975261E274957008E8A4E /* FormatUrl.swift in Sources */ = {isa = PBXBuildFile; fileRef = 631975251E274957008E8A4E /* FormatUrl.swift */; };
		639124F31E24E36300EEFBDF /* AppDelegate.swift in Sources */ = {isa = PBXBuildFile; fileRef = 639124F21E24E36300EEFBDF /* AppDelegate.swift */; };
		639124FA1E24E36300EEFBDF /* Assets.xcassets in Resources */ = {isa = PBXBuildFile; fileRef = 639124F91E24E36300EEFBDF /* Assets.xcassets */; };
		639124FD1E24E36300EEFBDF /* LaunchScreen.storyboard in Resources */ = {isa = PBXBuildFile; fileRef = 639124FB1E24E36300EEFBDF /* LaunchScreen.storyboard */; };
		6391250A1E24E58F00EEFBDF /* DetailPieceCell.swift in Sources */ = {isa = PBXBuildFile; fileRef = 639125051E24E58F00EEFBDF /* DetailPieceCell.swift */; };
		6391250B1E24E58F00EEFBDF /* DetailPieceVC.swift in Sources */ = {isa = PBXBuildFile; fileRef = 639125071E24E58F00EEFBDF /* DetailPieceVC.swift */; };
		6391250C1E24E58F00EEFBDF /* HomeTVC.swift in Sources */ = {isa = PBXBuildFile; fileRef = 639125081E24E58F00EEFBDF /* HomeTVC.swift */; };
		6391250D1E24E58F00EEFBDF /* PreviewImage.swift in Sources */ = {isa = PBXBuildFile; fileRef = 639125091E24E58F00EEFBDF /* PreviewImage.swift */; };
		639125111E24E5BF00EEFBDF /* Define.swift in Sources */ = {isa = PBXBuildFile; fileRef = 6391250E1E24E5BF00EEFBDF /* Define.swift */; };
		639125121E24E5BF00EEFBDF /* Extensions.swift in Sources */ = {isa = PBXBuildFile; fileRef = 6391250F1E24E5BF00EEFBDF /* Extensions.swift */; };
		639125131E24E5BF00EEFBDF /* ManageContentful.swift in Sources */ = {isa = PBXBuildFile; fileRef = 639125101E24E5BF00EEFBDF /* ManageContentful.swift */; };
		63D322341E26CC4900F09F74 /* InfoImage.swift in Sources */ = {isa = PBXBuildFile; fileRef = 63D322331E26CC4900F09F74 /* InfoImage.swift */; };
		7629EA0B08C012AAA36D03A6 /* Pods_Gray_Lady.framework in Frameworks */ = {isa = PBXBuildFile; fileRef = 7B40D91B6C9ECC1919284125 /* Pods_Gray_Lady.framework */; };
/* End PBXBuildFile section */

/* Begin PBXFileReference section */
		607A0718AB78BF86DFDA39F9 /* Pods-Gray Lady.release.xcconfig */ = {isa = PBXFileReference; includeInIndex = 1; lastKnownFileType = text.xcconfig; name = "Pods-Gray Lady.release.xcconfig"; path = "Pods/Target Support Files/Pods-Gray Lady/Pods-Gray Lady.release.xcconfig"; sourceTree = "<group>"; };
		631975251E274957008E8A4E /* FormatUrl.swift */ = {isa = PBXFileReference; fileEncoding = 4; lastKnownFileType = sourcecode.swift; path = FormatUrl.swift; sourceTree = "<group>"; };
		639124EF1E24E36300EEFBDF /* Gray Lady.app */ = {isa = PBXFileReference; explicitFileType = wrapper.application; includeInIndex = 0; path = "Gray Lady.app"; sourceTree = BUILT_PRODUCTS_DIR; };
		639124F21E24E36300EEFBDF /* AppDelegate.swift */ = {isa = PBXFileReference; lastKnownFileType = sourcecode.swift; path = AppDelegate.swift; sourceTree = "<group>"; };
		639124F91E24E36300EEFBDF /* Assets.xcassets */ = {isa = PBXFileReference; lastKnownFileType = folder.assetcatalog; path = Assets.xcassets; sourceTree = "<group>"; };
		639124FC1E24E36300EEFBDF /* Base */ = {isa = PBXFileReference; lastKnownFileType = file.storyboard; name = Base; path = Base.lproj/LaunchScreen.storyboard; sourceTree = "<group>"; };
		639124FE1E24E36300EEFBDF /* Info.plist */ = {isa = PBXFileReference; lastKnownFileType = text.plist.xml; path = Info.plist; sourceTree = "<group>"; };
		639125051E24E58F00EEFBDF /* DetailPieceCell.swift */ = {isa = PBXFileReference; fileEncoding = 4; lastKnownFileType = sourcecode.swift; path = DetailPieceCell.swift; sourceTree = "<group>"; };
		639125071E24E58F00EEFBDF /* DetailPieceVC.swift */ = {isa = PBXFileReference; fileEncoding = 4; lastKnownFileType = sourcecode.swift; path = DetailPieceVC.swift; sourceTree = "<group>"; };
		639125081E24E58F00EEFBDF /* HomeTVC.swift */ = {isa = PBXFileReference; fileEncoding = 4; lastKnownFileType = sourcecode.swift; path = HomeTVC.swift; sourceTree = "<group>"; };
		639125091E24E58F00EEFBDF /* PreviewImage.swift */ = {isa = PBXFileReference; fileEncoding = 4; lastKnownFileType = sourcecode.swift; path = PreviewImage.swift; sourceTree = "<group>"; };
		6391250E1E24E5BF00EEFBDF /* Define.swift */ = {isa = PBXFileReference; fileEncoding = 4; lastKnownFileType = sourcecode.swift; path = Define.swift; sourceTree = "<group>"; };
		6391250F1E24E5BF00EEFBDF /* Extensions.swift */ = {isa = PBXFileReference; fileEncoding = 4; lastKnownFileType = sourcecode.swift; path = Extensions.swift; sourceTree = "<group>"; };
		639125101E24E5BF00EEFBDF /* ManageContentful.swift */ = {isa = PBXFileReference; fileEncoding = 4; lastKnownFileType = sourcecode.swift; path = ManageContentful.swift; sourceTree = "<group>"; };
		63D322331E26CC4900F09F74 /* InfoImage.swift */ = {isa = PBXFileReference; fileEncoding = 4; lastKnownFileType = sourcecode.swift; path = InfoImage.swift; sourceTree = "<group>"; };
		764421F8AFD8E0C963F4456C /* Pods-Gray Lady.debug.xcconfig */ = {isa = PBXFileReference; includeInIndex = 1; lastKnownFileType = text.xcconfig; name = "Pods-Gray Lady.debug.xcconfig"; path = "Pods/Target Support Files/Pods-Gray Lady/Pods-Gray Lady.debug.xcconfig"; sourceTree = "<group>"; };
		7B40D91B6C9ECC1919284125 /* Pods_Gray_Lady.framework */ = {isa = PBXFileReference; explicitFileType = wrapper.framework; includeInIndex = 0; path = Pods_Gray_Lady.framework; sourceTree = BUILT_PRODUCTS_DIR; };
		9D13C55801C72A4EADC45C62 /* Pods-GrayLady.debug.xcconfig */ = {isa = PBXFileReference; includeInIndex = 1; lastKnownFileType = text.xcconfig; name = "Pods-GrayLady.debug.xcconfig"; path = "Pods/Target Support Files/Pods-GrayLady/Pods-GrayLady.debug.xcconfig"; sourceTree = "<group>"; };
		D163C8D0273A18E51D7E08EF /* Pods-GrayLady.release.xcconfig */ = {isa = PBXFileReference; includeInIndex = 1; lastKnownFileType = text.xcconfig; name = "Pods-GrayLady.release.xcconfig"; path = "Pods/Target Support Files/Pods-GrayLady/Pods-GrayLady.release.xcconfig"; sourceTree = "<group>"; };
		FD46A05BAE03EDDB6E0BBF56 /* Pods_GrayLady.framework */ = {isa = PBXFileReference; explicitFileType = wrapper.framework; includeInIndex = 0; path = Pods_GrayLady.framework; sourceTree = BUILT_PRODUCTS_DIR; };
/* End PBXFileReference section */

/* Begin PBXFrameworksBuildPhase section */
		639124EC1E24E36300EEFBDF /* Frameworks */ = {
			isa = PBXFrameworksBuildPhase;
			buildActionMask = 2147483647;
			files = (
				7629EA0B08C012AAA36D03A6 /* Pods_Gray_Lady.framework in Frameworks */,
			);
			runOnlyForDeploymentPostprocessing = 0;
		};
/* End PBXFrameworksBuildPhase section */

/* Begin PBXGroup section */
		452FF1D35D9FFD633745EAFA /* Pods */ = {
			isa = PBXGroup;
			children = (
				9D13C55801C72A4EADC45C62 /* Pods-GrayLady.debug.xcconfig */,
				D163C8D0273A18E51D7E08EF /* Pods-GrayLady.release.xcconfig */,
				764421F8AFD8E0C963F4456C /* Pods-Gray Lady.debug.xcconfig */,
				607A0718AB78BF86DFDA39F9 /* Pods-Gray Lady.release.xcconfig */,
			);
			name = Pods;
			sourceTree = "<group>";
		};
		639124E61E24E36300EEFBDF = {
			isa = PBXGroup;
			children = (
				639124F11E24E36300EEFBDF /* Gray Lady */,
				639124F01E24E36300EEFBDF /* Products */,
				452FF1D35D9FFD633745EAFA /* Pods */,
				E8AE7618ECCF79CDA38CBE53 /* Frameworks */,
			);
			sourceTree = "<group>";
		};
		639124F01E24E36300EEFBDF /* Products */ = {
			isa = PBXGroup;
			children = (
				639124EF1E24E36300EEFBDF /* Gray Lady.app */,
			);
			name = Products;
			sourceTree = "<group>";
		};
		639124F11E24E36300EEFBDF /* Gray Lady */ = {
			isa = PBXGroup;
			children = (
				63D322321E26CC4900F09F74 /* Model */,
				639125041E24E58F00EEFBDF /* Cell */,
				639125061E24E58F00EEFBDF /* Controller */,
				639124F21E24E36300EEFBDF /* AppDelegate.swift */,
				6391250E1E24E5BF00EEFBDF /* Define.swift */,
				6391250F1E24E5BF00EEFBDF /* Extensions.swift */,
				639125101E24E5BF00EEFBDF /* ManageContentful.swift */,
				639124F91E24E36300EEFBDF /* Assets.xcassets */,
				639124FB1E24E36300EEFBDF /* LaunchScreen.storyboard */,
				639124FE1E24E36300EEFBDF /* Info.plist */,
			);
			name = "Gray Lady";
			path = GrayLady;
			sourceTree = "<group>";
		};
		639125041E24E58F00EEFBDF /* Cell */ = {
			isa = PBXGroup;
			children = (
				639125051E24E58F00EEFBDF /* DetailPieceCell.swift */,
			);
			path = Cell;
			sourceTree = "<group>";
		};
		639125061E24E58F00EEFBDF /* Controller */ = {
			isa = PBXGroup;
			children = (
				639125071E24E58F00EEFBDF /* DetailPieceVC.swift */,
				639125081E24E58F00EEFBDF /* HomeTVC.swift */,
				639125091E24E58F00EEFBDF /* PreviewImage.swift */,
			);
			path = Controller;
			sourceTree = "<group>";
		};
		63D322321E26CC4900F09F74 /* Model */ = {
			isa = PBXGroup;
			children = (
				63D322331E26CC4900F09F74 /* InfoImage.swift */,
				631975251E274957008E8A4E /* FormatUrl.swift */,
			);
			path = Model;
			sourceTree = "<group>";
		};
		E8AE7618ECCF79CDA38CBE53 /* Frameworks */ = {
			isa = PBXGroup;
			children = (
				FD46A05BAE03EDDB6E0BBF56 /* Pods_GrayLady.framework */,
				7B40D91B6C9ECC1919284125 /* Pods_Gray_Lady.framework */,
			);
			name = Frameworks;
			sourceTree = "<group>";
		};
/* End PBXGroup section */

/* Begin PBXNativeTarget section */
		639124EE1E24E36300EEFBDF /* Gray Lady */ = {
			isa = PBXNativeTarget;
			buildConfigurationList = 639125011E24E36300EEFBDF /* Build configuration list for PBXNativeTarget "Gray Lady" */;
			buildPhases = (
				37B4D935DF3DCE0FC0BA398E /* [CP] Check Pods Manifest.lock */,
				639124EB1E24E36300EEFBDF /* Sources */,
				639124EC1E24E36300EEFBDF /* Frameworks */,
				639124ED1E24E36300EEFBDF /* Resources */,
				832F4EFD25FC868B0269B040 /* [CP] Embed Pods Frameworks */,
				DC8DB07729CEF313618BDA06 /* [CP] Copy Pods Resources */,
			);
			buildRules = (
			);
			dependencies = (
			);
			name = "Gray Lady";
			productName = GrayLady;
			productReference = 639124EF1E24E36300EEFBDF /* Gray Lady.app */;
			productType = "com.apple.product-type.application";
		};
/* End PBXNativeTarget section */

/* Begin PBXProject section */
		639124E71E24E36300EEFBDF /* Project object */ = {
			isa = PBXProject;
			attributes = {
				LastSwiftUpdateCheck = 0820;
				LastUpgradeCheck = 0820;
				ORGANIZATIONNAME = QTScoder;
				TargetAttributes = {
					639124EE1E24E36300EEFBDF = {
						CreatedOnToolsVersion = 8.2.1;
						DevelopmentTeam = RXV3295WX7;
						ProvisioningStyle = Automatic;
					};
				};
			};
			buildConfigurationList = 639124EA1E24E36300EEFBDF /* Build configuration list for PBXProject "Gray Lady" */;
			compatibilityVersion = "Xcode 3.2";
			developmentRegion = English;
			hasScannedForEncodings = 0;
			knownRegions = (
				en,
				Base,
			);
			mainGroup = 639124E61E24E36300EEFBDF;
			productRefGroup = 639124F01E24E36300EEFBDF /* Products */;
			projectDirPath = "";
			projectRoot = "";
			targets = (
				639124EE1E24E36300EEFBDF /* Gray Lady */,
			);
		};
/* End PBXProject section */

/* Begin PBXResourcesBuildPhase section */
		639124ED1E24E36300EEFBDF /* Resources */ = {
			isa = PBXResourcesBuildPhase;
			buildActionMask = 2147483647;
			files = (
				639124FD1E24E36300EEFBDF /* LaunchScreen.storyboard in Resources */,
				639124FA1E24E36300EEFBDF /* Assets.xcassets in Resources */,
			);
			runOnlyForDeploymentPostprocessing = 0;
		};
/* End PBXResourcesBuildPhase section */

/* Begin PBXShellScriptBuildPhase section */
		37B4D935DF3DCE0FC0BA398E /* [CP] Check Pods Manifest.lock */ = {
			isa = PBXShellScriptBuildPhase;
			buildActionMask = 2147483647;
			files = (
			);
			inputPaths = (
			);
			name = "[CP] Check Pods Manifest.lock";
			outputPaths = (
			);
			runOnlyForDeploymentPostprocessing = 0;
			shellPath = /bin/sh;
			shellScript = "diff \"${PODS_ROOT}/../Podfile.lock\" \"${PODS_ROOT}/Manifest.lock\" > /dev/null\nif [ $? != 0 ] ; then\n    # print error to STDERR\n    echo \"error: The sandbox is not in sync with the Podfile.lock. Run 'pod install' or update your CocoaPods installation.\" >&2\n    exit 1\nfi\n";
			showEnvVarsInLog = 0;
		};
		832F4EFD25FC868B0269B040 /* [CP] Embed Pods Frameworks */ = {
			isa = PBXShellScriptBuildPhase;
			buildActionMask = 2147483647;
			files = (
			);
			inputPaths = (
			);
			name = "[CP] Embed Pods Frameworks";
			outputPaths = (
			);
			runOnlyForDeploymentPostprocessing = 0;
			shellPath = /bin/sh;
			shellScript = "\"${SRCROOT}/Pods/Target Support Files/Pods-Gray Lady/Pods-Gray Lady-frameworks.sh\"\n";
			showEnvVarsInLog = 0;
		};
		DC8DB07729CEF313618BDA06 /* [CP] Copy Pods Resources */ = {
			isa = PBXShellScriptBuildPhase;
			buildActionMask = 2147483647;
			files = (
			);
			inputPaths = (
			);
			name = "[CP] Copy Pods Resources";
			outputPaths = (
			);
			runOnlyForDeploymentPostprocessing = 0;
			shellPath = /bin/sh;
			shellScript = "\"${SRCROOT}/Pods/Target Support Files/Pods-Gray Lady/Pods-Gray Lady-resources.sh\"\n";
			showEnvVarsInLog = 0;
		};
/* End PBXShellScriptBuildPhase section */

/* Begin PBXSourcesBuildPhase section */
		639124EB1E24E36300EEFBDF /* Sources */ = {
			isa = PBXSourcesBuildPhase;
			buildActionMask = 2147483647;
			files = (
				6391250D1E24E58F00EEFBDF /* PreviewImage.swift in Sources */,
				6391250B1E24E58F00EEFBDF /* DetailPieceVC.swift in Sources */,
				639125121E24E5BF00EEFBDF /* Extensions.swift in Sources */,
				63D322341E26CC4900F09F74 /* InfoImage.swift in Sources */,
				639124F31E24E36300EEFBDF /* AppDelegate.swift in Sources */,
				6391250A1E24E58F00EEFBDF /* DetailPieceCell.swift in Sources */,
				639125131E24E5BF00EEFBDF /* ManageContentful.swift in Sources */,
				6391250C1E24E58F00EEFBDF /* HomeTVC.swift in Sources */,
				631975261E274957008E8A4E /* FormatUrl.swift in Sources */,
				639125111E24E5BF00EEFBDF /* Define.swift in Sources */,
			);
			runOnlyForDeploymentPostprocessing = 0;
		};
/* End PBXSourcesBuildPhase section */

/* Begin PBXVariantGroup section */
		639124FB1E24E36300EEFBDF /* LaunchScreen.storyboard */ = {
			isa = PBXVariantGroup;
			children = (
				639124FC1E24E36300EEFBDF /* Base */,
			);
			name = LaunchScreen.storyboard;
			sourceTree = "<group>";
		};
/* End PBXVariantGroup section */

/* Begin XCBuildConfiguration section */
		639124FF1E24E36300EEFBDF /* Debug */ = {
			isa = XCBuildConfiguration;
			buildSettings = {
				ALWAYS_SEARCH_USER_PATHS = NO;
				CLANG_ANALYZER_NONNULL = YES;
				CLANG_CXX_LANGUAGE_STANDARD = "gnu++0x";
				CLANG_CXX_LIBRARY = "libc++";
				CLANG_ENABLE_MODULES = YES;
				CLANG_ENABLE_OBJC_ARC = YES;
				CLANG_WARN_BOOL_CONVERSION = YES;
				CLANG_WARN_CONSTANT_CONVERSION = YES;
				CLANG_WARN_DIRECT_OBJC_ISA_USAGE = YES_ERROR;
				CLANG_WARN_DOCUMENTATION_COMMENTS = YES;
				CLANG_WARN_EMPTY_BODY = YES;
				CLANG_WARN_ENUM_CONVERSION = YES;
				CLANG_WARN_INFINITE_RECURSION = YES;
				CLANG_WARN_INT_CONVERSION = YES;
				CLANG_WARN_OBJC_ROOT_CLASS = YES_ERROR;
				CLANG_WARN_SUSPICIOUS_MOVE = YES;
				CLANG_WARN_UNREACHABLE_CODE = YES;
				CLANG_WARN__DUPLICATE_METHOD_MATCH = YES;
				"CODE_SIGN_IDENTITY[sdk=iphoneos*]" = "iPhone Developer";
				COPY_PHASE_STRIP = NO;
				DEBUG_INFORMATION_FORMAT = dwarf;
				ENABLE_STRICT_OBJC_MSGSEND = YES;
				ENABLE_TESTABILITY = YES;
				GCC_C_LANGUAGE_STANDARD = gnu99;
				GCC_DYNAMIC_NO_PIC = NO;
				GCC_NO_COMMON_BLOCKS = YES;
				GCC_OPTIMIZATION_LEVEL = 0;
				GCC_PREPROCESSOR_DEFINITIONS = (
					"DEBUG=1",
					"$(inherited)",
				);
				GCC_WARN_64_TO_32_BIT_CONVERSION = YES;
				GCC_WARN_ABOUT_RETURN_TYPE = YES_ERROR;
				GCC_WARN_UNDECLARED_SELECTOR = YES;
				GCC_WARN_UNINITIALIZED_AUTOS = YES_AGGRESSIVE;
				GCC_WARN_UNUSED_FUNCTION = YES;
				GCC_WARN_UNUSED_VARIABLE = YES;
				IPHONEOS_DEPLOYMENT_TARGET = 10.2;
				MTL_ENABLE_DEBUG_INFO = YES;
				ONLY_ACTIVE_ARCH = YES;
				SDKROOT = iphoneos;
				SWIFT_ACTIVE_COMPILATION_CONDITIONS = DEBUG;
				SWIFT_OPTIMIZATION_LEVEL = "-Onone";
			};
			name = Debug;
		};
		639125001E24E36300EEFBDF /* Release */ = {
			isa = XCBuildConfiguration;
			buildSettings = {
				ALWAYS_SEARCH_USER_PATHS = NO;
				CLANG_ANALYZER_NONNULL = YES;
				CLANG_CXX_LANGUAGE_STANDARD = "gnu++0x";
				CLANG_CXX_LIBRARY = "libc++";
				CLANG_ENABLE_MODULES = YES;
				CLANG_ENABLE_OBJC_ARC = YES;
				CLANG_WARN_BOOL_CONVERSION = YES;
				CLANG_WARN_CONSTANT_CONVERSION = YES;
				CLANG_WARN_DIRECT_OBJC_ISA_USAGE = YES_ERROR;
				CLANG_WARN_DOCUMENTATION_COMMENTS = YES;
				CLANG_WARN_EMPTY_BODY = YES;
				CLANG_WARN_ENUM_CONVERSION = YES;
				CLANG_WARN_INFINITE_RECURSION = YES;
				CLANG_WARN_INT_CONVERSION = YES;
				CLANG_WARN_OBJC_ROOT_CLASS = YES_ERROR;
				CLANG_WARN_SUSPICIOUS_MOVE = YES;
				CLANG_WARN_UNREACHABLE_CODE = YES;
				CLANG_WARN__DUPLICATE_METHOD_MATCH = YES;
				"CODE_SIGN_IDENTITY[sdk=iphoneos*]" = "iPhone Developer";
				COPY_PHASE_STRIP = NO;
				DEBUG_INFORMATION_FORMAT = "dwarf-with-dsym";
				ENABLE_NS_ASSERTIONS = NO;
				ENABLE_STRICT_OBJC_MSGSEND = YES;
				GCC_C_LANGUAGE_STANDARD = gnu99;
				GCC_NO_COMMON_BLOCKS = YES;
				GCC_WARN_64_TO_32_BIT_CONVERSION = YES;
				GCC_WARN_ABOUT_RETURN_TYPE = YES_ERROR;
				GCC_WARN_UNDECLARED_SELECTOR = YES;
				GCC_WARN_UNINITIALIZED_AUTOS = YES_AGGRESSIVE;
				GCC_WARN_UNUSED_FUNCTION = YES;
				GCC_WARN_UNUSED_VARIABLE = YES;
				IPHONEOS_DEPLOYMENT_TARGET = 10.2;
				MTL_ENABLE_DEBUG_INFO = NO;
				SDKROOT = iphoneos;
				SWIFT_OPTIMIZATION_LEVEL = "-Owholemodule";
				VALIDATE_PRODUCT = YES;
			};
			name = Release;
		};
		639125021E24E36300EEFBDF /* Debug */ = {
			isa = XCBuildConfiguration;
			baseConfigurationReference = 764421F8AFD8E0C963F4456C /* Pods-Gray Lady.debug.xcconfig */;
			buildSettings = {
				ASSETCATALOG_COMPILER_APPICON_NAME = AppIcon;
				DEVELOPMENT_TEAM = RXV3295WX7;
				INFOPLIST_FILE = GrayLady/Info.plist;
				IPHONEOS_DEPLOYMENT_TARGET = 9.0;
				LD_RUNPATH_SEARCH_PATHS = "$(inherited) @executable_path/Frameworks";
				PRODUCT_BUNDLE_IDENTIFIER = ccom.untilcreep.GrayLady;
				PRODUCT_NAME = "$(TARGET_NAME)";
				SWIFT_VERSION = 3.0;
			};
			name = Debug;
		};
		639125031E24E36300EEFBDF /* Release */ = {
			isa = XCBuildConfiguration;
			baseConfigurationReference = 607A0718AB78BF86DFDA39F9 /* Pods-Gray Lady.release.xcconfig */;
			buildSettings = {
				ASSETCATALOG_COMPILER_APPICON_NAME = AppIcon;
				DEVELOPMENT_TEAM = RXV3295WX7;
				INFOPLIST_FILE = GrayLady/Info.plist;
				IPHONEOS_DEPLOYMENT_TARGET = 9.0;
				LD_RUNPATH_SEARCH_PATHS = "$(inherited) @executable_path/Frameworks";
				PRODUCT_BUNDLE_IDENTIFIER = ccom.untilcreep.GrayLady;
				PRODUCT_NAME = "$(TARGET_NAME)";
				SWIFT_VERSION = 3.0;
			};
			name = Release;
		};
/* End XCBuildConfiguration section */

/* Begin XCConfigurationList section */
		639124EA1E24E36300EEFBDF /* Build configuration list for PBXProject "Gray Lady" */ = {
			isa = XCConfigurationList;
			buildConfigurations = (
				639124FF1E24E36300EEFBDF /* Debug */,
				639125001E24E36300EEFBDF /* Release */,
			);
			defaultConfigurationIsVisible = 0;
			defaultConfigurationName = Release;
		};
		639125011E24E36300EEFBDF /* Build configuration list for PBXNativeTarget "Gray Lady" */ = {
			isa = XCConfigurationList;
			buildConfigurations = (
				639125021E24E36300EEFBDF /* Debug */,
				639125031E24E36300EEFBDF /* Release */,
			);
			defaultConfigurationIsVisible = 0;
			defaultConfigurationName = Release;
		};
/* End XCConfigurationList section */
	};
	rootObject = 639124E71E24E36300EEFBDF /* Project object */;
}
